
Microsoft Visual Studio Solution File, Format Version 12.00
# Visual Studio Version 17
VisualStudioVersion = 17.10.35122.118
MinimumVisualStudioVersion = 10.0.40219.1
Project("{9A19103F-16F7-4668-BE54-9A1E7A4F7556}") = "test", "test\test.csproj", "{A74460AB-EC57-4DF6-94B4-DC3C6F08F83A}"
EndProject
Project("{E53339B2-1760-4266-BCC7-CA923CBCF16C}") = "docker-compose", "docker-compose.dcproj", "{4B435E67-9E3C-46B4-B69A-E4C12AE1C01C}"
EndProject
Global
	GlobalSection(SolutionConfigurationPlatforms) = preSolution
		Debug|Any CPU = Debug|Any CPU
		Release|Any CPU = Release|Any CPU
	EndGlobalSection
	GlobalSection(ProjectConfigurationPlatforms) = postSolution
		{A74460AB-EC57-4DF6-94B4-DC3C6F08F83A}.Debug|Any CPU.ActiveCfg = Debug|Any CPU
		{A74460AB-EC57-4DF6-94B4-DC3C6F08F83A}.Debug|Any CPU.Build.0 = Debug|Any CPU
		{A74460AB-EC57-4DF6-94B4-DC3C6F08F83A}.Release|Any CPU.ActiveCfg = Release|Any CPU
		{A74460AB-EC57-4DF6-94B4-DC3C6F08F83A}.Release|Any CPU.Build.0 = Release|Any CPU
		{4B435E67-9E3C-46B4-B69A-E4C12AE1C01C}.Debug|Any CPU.ActiveCfg = Debug|Any CPU
		{4B435E67-9E3C-46B4-B69A-E4C12AE1C01C}.Debug|Any CPU.Build.0 = Debug|Any CPU
		{4B435E67-9E3C-46B4-B69A-E4C12AE1C01C}.Release|Any CPU.ActiveCfg = Release|Any CPU
		{4B435E67-9E3C-46B4-B69A-E4C12AE1C01C}.Release|Any CPU.Build.0 = Release|Any CPU
	EndGlobalSection
	GlobalSection(SolutionProperties) = preSolution
		HideSolutionNode = FALSE
	EndGlobalSection
	GlobalSection(ExtensibilityGlobals) = postSolution
		SolutionGuid = {940BA229-F51C-48D2-B3AE-6B450119E04E}
	EndGlobalSection
EndGlobal
